
Microsoft Visual Studio Solution File, Format Version 12.00
# Visual Studio Version 17
VisualStudioVersion = 17.14.36429.23 d17.14
MinimumVisualStudioVersion = 10.0.40219.1
Project("{FAE04EC0-301F-11D3-BF4B-00C04F79EFBC}") = "ClientText", "ClientText\ClientText.csproj", "{C407CC2D-4B2B-62C7-4B09-8E229A9AA442}"
EndProject
Project("{FAE04EC0-301F-11D3-BF4B-00C04F79EFBC}") = "ServerText", "ServerText\ServerText.csproj", "{E2BD3F88-13AD-9304-8199-DDBAC9BDB661}"
EndProject
Global
	GlobalSection(SolutionConfigurationPlatforms) = preSolution
		Debug|Any CPU = Debug|Any CPU
		Release|Any CPU = Release|Any CPU
	EndGlobalSection
	GlobalSection(ProjectConfigurationPlatforms) = postSolution
		{C407CC2D-4B2B-62C7-4B09-8E229A9AA442}.Debug|Any CPU.ActiveCfg = Debug|Any CPU
		{C407CC2D-4B2B-62C7-4B09-8E229A9AA442}.Debug|Any CPU.Build.0 = Debug|Any CPU
		{C407CC2D-4B2B-62C7-4B09-8E229A9AA442}.Release|Any CPU.ActiveCfg = Release|Any CPU
		{C407CC2D-4B2B-62C7-4B09-8E229A9AA442}.Release|Any CPU.Build.0 = Release|Any CPU
		{E2BD3F88-13AD-9304-8199-DDBAC9BDB661}.Debug|Any CPU.ActiveCfg = Debug|Any CPU
		{E2BD3F88-13AD-9304-8199-DDBAC9BDB661}.Debug|Any CPU.Build.0 = Debug|Any CPU
		{E2BD3F88-13AD-9304-8199-DDBAC9BDB661}.Release|Any CPU.ActiveCfg = Release|Any CPU
		{E2BD3F88-13AD-9304-8199-DDBAC9BDB661}.Release|Any CPU.Build.0 = Release|Any CPU
	EndGlobalSection
	GlobalSection(SolutionProperties) = preSolution
		HideSolutionNode = FALSE
	EndGlobalSection
	GlobalSection(ExtensibilityGlobals) = postSolution
		SolutionGuid = {64B9DE62-5336-49B6-A80A-58997039600A}
	EndGlobalSection
EndGlobal
